
Microsoft Visual Studio Solution File, Format Version 12.00
# Visual Studio Version 17
VisualStudioVersion = 17.6.33829.357
MinimumVisualStudioVersion = 10.0.40219.1
Project("{FAE04EC0-301F-11D3-BF4B-00C04F79EFBC}") = "atividade cisne 2", "atividade cisne 2\atividade cisne 2.csproj", "{6EAA3407-0A9D-47A6-A743-56870FB93045}"
EndProject
Global
	GlobalSection(SolutionConfigurationPlatforms) = preSolution
		Debug|Any CPU = Debug|Any CPU
		Release|Any CPU = Release|Any CPU
	EndGlobalSection
	GlobalSection(ProjectConfigurationPlatforms) = postSolution
		{6EAA3407-0A9D-47A6-A743-56870FB93045}.Debug|Any CPU.ActiveCfg = Debug|Any CPU
		{6EAA3407-0A9D-47A6-A743-56870FB93045}.Debug|Any CPU.Build.0 = Debug|Any CPU
		{6EAA3407-0A9D-47A6-A743-56870FB93045}.Release|Any CPU.ActiveCfg = Release|Any CPU
		{6EAA3407-0A9D-47A6-A743-56870FB93045}.Release|Any CPU.Build.0 = Release|Any CPU
	EndGlobalSection
	GlobalSection(SolutionProperties) = preSolution
		HideSolutionNode = FALSE
	EndGlobalSection
	GlobalSection(ExtensibilityGlobals) = postSolution
		SolutionGuid = {5CC38B44-2D0A-4E67-AAB6-BE3DC8D1C3FB}
	EndGlobalSection
EndGlobal
